
Microsoft Visual Studio Solution File, Format Version 12.00
# Visual Studio Version 16
VisualStudioVersion = 16.0.30320.27
MinimumVisualStudioVersion = 10.0.40219.1
Project("{9A19103F-16F7-4668-BE54-9A1E7A4F7556}") = "Islemler2", "Islemler2\Islemler2.csproj", "{276AEAFE-91E1-442A-BC45-F12F6A1EC2CB}"
EndProject
Project("{FAE04EC0-301F-11D3-BF4B-00C04F79EFBC}") = "IdentityOlaylari", "IdentityOlaylari\IdentityOlaylari.csproj", "{1234B1FF-F9D3-4649-BAB3-6C590825DB34}"
EndProject
Global
	GlobalSection(SolutionConfigurationPlatforms) = preSolution
		Debug|Any CPU = Debug|Any CPU
		Release|Any CPU = Release|Any CPU
	EndGlobalSection
	GlobalSection(ProjectConfigurationPlatforms) = postSolution
		{276AEAFE-91E1-442A-BC45-F12F6A1EC2CB}.Debug|Any CPU.ActiveCfg = Debug|Any CPU
		{276AEAFE-91E1-442A-BC45-F12F6A1EC2CB}.Debug|Any CPU.Build.0 = Debug|Any CPU
		{276AEAFE-91E1-442A-BC45-F12F6A1EC2CB}.Release|Any CPU.ActiveCfg = Release|Any CPU
		{276AEAFE-91E1-442A-BC45-F12F6A1EC2CB}.Release|Any CPU.Build.0 = Release|Any CPU
		{1234B1FF-F9D3-4649-BAB3-6C590825DB34}.Debug|Any CPU.ActiveCfg = Debug|Any CPU
		{1234B1FF-F9D3-4649-BAB3-6C590825DB34}.Debug|Any CPU.Build.0 = Debug|Any CPU
		{1234B1FF-F9D3-4649-BAB3-6C590825DB34}.Release|Any CPU.ActiveCfg = Release|Any CPU
		{1234B1FF-F9D3-4649-BAB3-6C590825DB34}.Release|Any CPU.Build.0 = Release|Any CPU
	EndGlobalSection
	GlobalSection(SolutionProperties) = preSolution
		HideSolutionNode = FALSE
	EndGlobalSection
	GlobalSection(ExtensibilityGlobals) = postSolution
		SolutionGuid = {8056CAD9-49C4-47D5-801D-55E96C9C7BD6}
	EndGlobalSection
EndGlobal
