
Microsoft Visual Studio Solution File, Format Version 12.00
# Visual Studio Version 16
VisualStudioVersion = 16.0.30204.135
MinimumVisualStudioVersion = 10.0.40219.1
Project("{FAE04EC0-301F-11D3-BF4B-00C04F79EFBC}") = "AdoNET", "AdoNET\AdoNET.csproj", "{63A81DBF-6863-4844-903F-A02D973F18DD}"
EndProject
Project("{FAE04EC0-301F-11D3-BF4B-00C04F79EFBC}") = "EntityFramework", "EntityFramework\EntityFramework.csproj", "{D4388968-7D19-4914-9DFF-328EB4F7DEA4}"
EndProject
Project("{FAE04EC0-301F-11D3-BF4B-00C04F79EFBC}") = "DenemeEntityFramework", "DenemeEntityFramework\DenemeEntityFramework.csproj", "{140AAC82-11A0-4CD0-8C01-B5F8A7F869F0}"
EndProject
Project("{FAE04EC0-301F-11D3-BF4B-00C04F79EFBC}") = "TrialForLesson", "TrialForLesson\TrialForLesson.csproj", "{3F825DE8-1502-47A9-9A0A-AFD5BD582AF3}"
EndProject
Project("{FAE04EC0-301F-11D3-BF4B-00C04F79EFBC}") = "EntityFrameworkForLesson", "EntityFrameworkForLesson\EntityFrameworkForLesson.csproj", "{C4F0E339-21AE-4CE5-A7AD-46BE88EBFA72}"
EndProject
Global
	GlobalSection(SolutionConfigurationPlatforms) = preSolution
		Debug|Any CPU = Debug|Any CPU
		Release|Any CPU = Release|Any CPU
	EndGlobalSection
	GlobalSection(ProjectConfigurationPlatforms) = postSolution
		{63A81DBF-6863-4844-903F-A02D973F18DD}.Debug|Any CPU.ActiveCfg = Debug|Any CPU
		{63A81DBF-6863-4844-903F-A02D973F18DD}.Debug|Any CPU.Build.0 = Debug|Any CPU
		{63A81DBF-6863-4844-903F-A02D973F18DD}.Release|Any CPU.ActiveCfg = Release|Any CPU
		{63A81DBF-6863-4844-903F-A02D973F18DD}.Release|Any CPU.Build.0 = Release|Any CPU
		{D4388968-7D19-4914-9DFF-328EB4F7DEA4}.Debug|Any CPU.ActiveCfg = Debug|Any CPU
		{D4388968-7D19-4914-9DFF-328EB4F7DEA4}.Debug|Any CPU.Build.0 = Debug|Any CPU
		{D4388968-7D19-4914-9DFF-328EB4F7DEA4}.Release|Any CPU.ActiveCfg = Release|Any CPU
		{D4388968-7D19-4914-9DFF-328EB4F7DEA4}.Release|Any CPU.Build.0 = Release|Any CPU
		{140AAC82-11A0-4CD0-8C01-B5F8A7F869F0}.Debug|Any CPU.ActiveCfg = Debug|Any CPU
		{140AAC82-11A0-4CD0-8C01-B5F8A7F869F0}.Debug|Any CPU.Build.0 = Debug|Any CPU
		{140AAC82-11A0-4CD0-8C01-B5F8A7F869F0}.Release|Any CPU.ActiveCfg = Release|Any CPU
		{140AAC82-11A0-4CD0-8C01-B5F8A7F869F0}.Release|Any CPU.Build.0 = Release|Any CPU
		{3F825DE8-1502-47A9-9A0A-AFD5BD582AF3}.Debug|Any CPU.ActiveCfg = Debug|Any CPU
		{3F825DE8-1502-47A9-9A0A-AFD5BD582AF3}.Debug|Any CPU.Build.0 = Debug|Any CPU
		{3F825DE8-1502-47A9-9A0A-AFD5BD582AF3}.Release|Any CPU.ActiveCfg = Release|Any CPU
		{3F825DE8-1502-47A9-9A0A-AFD5BD582AF3}.Release|Any CPU.Build.0 = Release|Any CPU
		{C4F0E339-21AE-4CE5-A7AD-46BE88EBFA72}.Debug|Any CPU.ActiveCfg = Debug|Any CPU
		{C4F0E339-21AE-4CE5-A7AD-46BE88EBFA72}.Debug|Any CPU.Build.0 = Debug|Any CPU
		{C4F0E339-21AE-4CE5-A7AD-46BE88EBFA72}.Release|Any CPU.ActiveCfg = Release|Any CPU
		{C4F0E339-21AE-4CE5-A7AD-46BE88EBFA72}.Release|Any CPU.Build.0 = Release|Any CPU
	EndGlobalSection
	GlobalSection(SolutionProperties) = preSolution
		HideSolutionNode = FALSE
	EndGlobalSection
	GlobalSection(ExtensibilityGlobals) = postSolution
		SolutionGuid = {34111723-2C18-4E93-A9FD-1C8BDB83005B}
	EndGlobalSection
EndGlobal
